// !$*UTF8*$!
{
	archiveVersion = 1;
	classes = {
	};
	objectVersion = 56;
	objects = {

/* Begin PBXBuildFile section */
		644C2F152B97527C00DC2007 /* AppDelegate.swift in Sources */ = {isa = PBXBuildFile; fileRef = 644C2F142B97527C00DC2007 /* AppDelegate.swift */; };
		644C2F172B97527C00DC2007 /* SceneDelegate.swift in Sources */ = {isa = PBXBuildFile; fileRef = 644C2F162B97527C00DC2007 /* SceneDelegate.swift */; };
		644C2F192B97527C00DC2007 /* MainViewController.swift in Sources */ = {isa = PBXBuildFile; fileRef = 644C2F182B97527C00DC2007 /* MainViewController.swift */; };
		644C2F1C2B97527C00DC2007 /* Main.storyboard in Resources */ = {isa = PBXBuildFile; fileRef = 644C2F1A2B97527C00DC2007 /* Main.storyboard */; };
		644C2F1E2B97527D00DC2007 /* Assets.xcassets in Resources */ = {isa = PBXBuildFile; fileRef = 644C2F1D2B97527D00DC2007 /* Assets.xcassets */; };
		644C2F212B97527D00DC2007 /* LaunchScreen.storyboard in Resources */ = {isa = PBXBuildFile; fileRef = 644C2F1F2B97527D00DC2007 /* LaunchScreen.storyboard */; };
		793CF8372B97BAD700C048B5 /* Login.storyboard in Resources */ = {isa = PBXBuildFile; fileRef = 793CF8362B97BAD700C048B5 /* Login.storyboard */; };
		793CF8392B97BAE000C048B5 /* LoginViewController.swift in Sources */ = {isa = PBXBuildFile; fileRef = 793CF8382B97BAE000C048B5 /* LoginViewController.swift */; };
		793CF83C2B97BB0600C048B5 /* History.storyboard in Resources */ = {isa = PBXBuildFile; fileRef = 793CF83B2B97BB0600C048B5 /* History.storyboard */; };
		793CF83E2B97BB1200C048B5 /* HistoryViewController.swift in Sources */ = {isa = PBXBuildFile; fileRef = 793CF83D2B97BB1200C048B5 /* HistoryViewController.swift */; };
		793CF8412B97BB3200C048B5 /* Category.storyboard in Resources */ = {isa = PBXBuildFile; fileRef = 793CF8402B97BB3200C048B5 /* Category.storyboard */; };
		793CF8432B97BB3E00C048B5 /* CategoryViewController.swift in Sources */ = {isa = PBXBuildFile; fileRef = 793CF8422B97BB3E00C048B5 /* CategoryViewController.swift */; };
		793CF8462B97BB5600C048B5 /* Target.storyboard in Resources */ = {isa = PBXBuildFile; fileRef = 793CF8452B97BB5600C048B5 /* Target.storyboard */; };
		793CF8482B97BB5F00C048B5 /* TargetViewController.swift in Sources */ = {isa = PBXBuildFile; fileRef = 793CF8472B97BB5F00C048B5 /* TargetViewController.swift */; };
		793CF84B2B97BB8500C048B5 /* Person.storyboard in Resources */ = {isa = PBXBuildFile; fileRef = 793CF84A2B97BB8500C048B5 /* Person.storyboard */; };
		793CF84D2B97BB8F00C048B5 /* PersonViewController.swift in Sources */ = {isa = PBXBuildFile; fileRef = 793CF84C2B97BB8F00C048B5 /* PersonViewController.swift */; };
		793CF8502B97BBB100C048B5 /* Developers.storyboard in Resources */ = {isa = PBXBuildFile; fileRef = 793CF84F2B97BBB100C048B5 /* Developers.storyboard */; };
		793CF8522B97BBBB00C048B5 /* DevelopersViewController.swift in Sources */ = {isa = PBXBuildFile; fileRef = 793CF8512B97BBBB00C048B5 /* DevelopersViewController.swift */; };
		793CF8552B97BBEC00C048B5 /* Registration.storyboard in Resources */ = {isa = PBXBuildFile; fileRef = 793CF8542B97BBEC00C048B5 /* Registration.storyboard */; };
		793CF8572B97BBFB00C048B5 /* RegistrationViewController.swift in Sources */ = {isa = PBXBuildFile; fileRef = 793CF8562B97BBFB00C048B5 /* RegistrationViewController.swift */; };
		793CF85A2B97BC2500C048B5 /* EditPerson.storyboard in Resources */ = {isa = PBXBuildFile; fileRef = 793CF8592B97BC2500C048B5 /* EditPerson.storyboard */; };
		793CF85C2B97BC3100C048B5 /* EditPersonViewController.swift in Sources */ = {isa = PBXBuildFile; fileRef = 793CF85B2B97BC3100C048B5 /* EditPersonViewController.swift */; };
		793CF85F2B97BC4600C048B5 /* Settings.storyboard in Resources */ = {isa = PBXBuildFile; fileRef = 793CF85E2B97BC4600C048B5 /* Settings.storyboard */; };
		793CF8612B97BC4F00C048B5 /* SettingsViewController.swift in Sources */ = {isa = PBXBuildFile; fileRef = 793CF8602B97BC4F00C048B5 /* SettingsViewController.swift */; };
/* End PBXBuildFile section */

/* Begin PBXFileReference section */
		644C2F112B97527C00DC2007 /* MoneyAccounting.app */ = {isa = PBXFileReference; explicitFileType = wrapper.application; includeInIndex = 0; path = MoneyAccounting.app; sourceTree = BUILT_PRODUCTS_DIR; };
		644C2F142B97527C00DC2007 /* AppDelegate.swift */ = {isa = PBXFileReference; lastKnownFileType = sourcecode.swift; path = AppDelegate.swift; sourceTree = "<group>"; };
		644C2F162B97527C00DC2007 /* SceneDelegate.swift */ = {isa = PBXFileReference; lastKnownFileType = sourcecode.swift; path = SceneDelegate.swift; sourceTree = "<group>"; };
		644C2F182B97527C00DC2007 /* MainViewController.swift */ = {isa = PBXFileReference; lastKnownFileType = sourcecode.swift; path = MainViewController.swift; sourceTree = "<group>"; };
		644C2F1B2B97527C00DC2007 /* Base */ = {isa = PBXFileReference; lastKnownFileType = file.storyboard; name = Base; path = Base.lproj/Main.storyboard; sourceTree = "<group>"; };
		644C2F1D2B97527D00DC2007 /* Assets.xcassets */ = {isa = PBXFileReference; lastKnownFileType = folder.assetcatalog; path = Assets.xcassets; sourceTree = "<group>"; };
		644C2F202B97527D00DC2007 /* Base */ = {isa = PBXFileReference; lastKnownFileType = file.storyboard; name = Base; path = Base.lproj/LaunchScreen.storyboard; sourceTree = "<group>"; };
		644C2F222B97527D00DC2007 /* Info.plist */ = {isa = PBXFileReference; lastKnownFileType = text.plist.xml; path = Info.plist; sourceTree = "<group>"; };
		793CF8362B97BAD700C048B5 /* Login.storyboard */ = {isa = PBXFileReference; lastKnownFileType = file.storyboard; path = Login.storyboard; sourceTree = "<group>"; };
		793CF8382B97BAE000C048B5 /* LoginViewController.swift */ = {isa = PBXFileReference; lastKnownFileType = sourcecode.swift; path = LoginViewController.swift; sourceTree = "<group>"; };
		793CF83B2B97BB0600C048B5 /* History.storyboard */ = {isa = PBXFileReference; lastKnownFileType = file.storyboard; path = History.storyboard; sourceTree = "<group>"; };
		793CF83D2B97BB1200C048B5 /* HistoryViewController.swift */ = {isa = PBXFileReference; lastKnownFileType = sourcecode.swift; path = HistoryViewController.swift; sourceTree = "<group>"; };
		793CF8402B97BB3200C048B5 /* Category.storyboard */ = {isa = PBXFileReference; lastKnownFileType = file.storyboard; path = Category.storyboard; sourceTree = "<group>"; };
		793CF8422B97BB3E00C048B5 /* CategoryViewController.swift */ = {isa = PBXFileReference; lastKnownFileType = sourcecode.swift; path = CategoryViewController.swift; sourceTree = "<group>"; };
		793CF8452B97BB5600C048B5 /* Target.storyboard */ = {isa = PBXFileReference; lastKnownFileType = file.storyboard; path = Target.storyboard; sourceTree = "<group>"; };
		793CF8472B97BB5F00C048B5 /* TargetViewController.swift */ = {isa = PBXFileReference; lastKnownFileType = sourcecode.swift; path = TargetViewController.swift; sourceTree = "<group>"; };
		793CF84A2B97BB8500C048B5 /* Person.storyboard */ = {isa = PBXFileReference; lastKnownFileType = file.storyboard; path = Person.storyboard; sourceTree = "<group>"; };
		793CF84C2B97BB8F00C048B5 /* PersonViewController.swift */ = {isa = PBXFileReference; lastKnownFileType = sourcecode.swift; path = PersonViewController.swift; sourceTree = "<group>"; };
		793CF84F2B97BBB100C048B5 /* Developers.storyboard */ = {isa = PBXFileReference; lastKnownFileType = file.storyboard; path = Developers.storyboard; sourceTree = "<group>"; };
		793CF8512B97BBBB00C048B5 /* DevelopersViewController.swift */ = {isa = PBXFileReference; lastKnownFileType = sourcecode.swift; path = DevelopersViewController.swift; sourceTree = "<group>"; };
		793CF8542B97BBEC00C048B5 /* Registration.storyboard */ = {isa = PBXFileReference; lastKnownFileType = file.storyboard; path = Registration.storyboard; sourceTree = "<group>"; };
		793CF8562B97BBFB00C048B5 /* RegistrationViewController.swift */ = {isa = PBXFileReference; lastKnownFileType = sourcecode.swift; path = RegistrationViewController.swift; sourceTree = "<group>"; };
		793CF8592B97BC2500C048B5 /* EditPerson.storyboard */ = {isa = PBXFileReference; lastKnownFileType = file.storyboard; path = EditPerson.storyboard; sourceTree = "<group>"; };
		793CF85B2B97BC3100C048B5 /* EditPersonViewController.swift */ = {isa = PBXFileReference; lastKnownFileType = sourcecode.swift; path = EditPersonViewController.swift; sourceTree = "<group>"; };
		793CF85E2B97BC4600C048B5 /* Settings.storyboard */ = {isa = PBXFileReference; lastKnownFileType = file.storyboard; path = Settings.storyboard; sourceTree = "<group>"; };
		793CF8602B97BC4F00C048B5 /* SettingsViewController.swift */ = {isa = PBXFileReference; lastKnownFileType = sourcecode.swift; path = SettingsViewController.swift; sourceTree = "<group>"; };
/* End PBXFileReference section */

/* Begin PBXFrameworksBuildPhase section */
		644C2F0E2B97527C00DC2007 /* Frameworks */ = {
			isa = PBXFrameworksBuildPhase;
			buildActionMask = 2147483647;
			files = (
			);
			runOnlyForDeploymentPostprocessing = 0;
		};
/* End PBXFrameworksBuildPhase section */

/* Begin PBXGroup section */
		64214A4B2B975C45008F1EE2 /* App */ = {
			isa = PBXGroup;
			children = (
				644C2F142B97527C00DC2007 /* AppDelegate.swift */,
				644C2F162B97527C00DC2007 /* SceneDelegate.swift */,
				644C2F222B97527D00DC2007 /* Info.plist */,
			);
			path = App;
			sourceTree = "<group>";
		};
		644C2F082B97527C00DC2007 = {
			isa = PBXGroup;
			children = (
				644C2F132B97527C00DC2007 /* MoneyAccounting */,
				644C2F122B97527C00DC2007 /* Products */,
			);
			sourceTree = "<group>";
		};
		644C2F122B97527C00DC2007 /* Products */ = {
			isa = PBXGroup;
			children = (
				644C2F112B97527C00DC2007 /* MoneyAccounting.app */,
			);
			name = Products;
			sourceTree = "<group>";
		};
		644C2F132B97527C00DC2007 /* MoneyAccounting */ = {
			isa = PBXGroup;
			children = (
				793CF8322B97BA8000C048B5 /* Scenes */,
				793CF8622B97BC8F00C048B5 /* Models */,
				793CF8632B97BC9700C048B5 /* Services */,
				64214A4B2B975C45008F1EE2 /* App */,
				644C2F1D2B97527D00DC2007 /* Assets.xcassets */,
			);
			path = MoneyAccounting;
			sourceTree = "<group>";
		};
		793CF8322B97BA8000C048B5 /* Scenes */ = {
			isa = PBXGroup;
			children = (
				793CF8352B97BAC900C048B5 /* Login */,
				793CF8532B97BBDD00C048B5 /* Registration */,
				793CF8332B97BA8700C048B5 /* Main */,
				793CF8492B97BB7300C048B5 /* Person */,
				793CF8582B97BC1500C048B5 /* EditPerson */,
				793CF85D2B97BC3A00C048B5 /* Settings */,
				793CF83A2B97BAF400C048B5 /* History */,
				793CF83F2B97BB2300C048B5 /* Category */,
				793CF8442B97BB4D00C048B5 /* Target */,
				793CF84E2B97BBA600C048B5 /* Developers */,
				793CF8342B97BAAF00C048B5 /* LaunchScreen */,
			);
			path = Scenes;
			sourceTree = "<group>";
		};
		793CF8332B97BA8700C048B5 /* Main */ = {
			isa = PBXGroup;
			children = (
				644C2F1A2B97527C00DC2007 /* Main.storyboard */,
				644C2F182B97527C00DC2007 /* MainViewController.swift */,
			);
			path = Main;
			sourceTree = "<group>";
		};
		793CF8342B97BAAF00C048B5 /* LaunchScreen */ = {
			isa = PBXGroup;
			children = (
				644C2F1F2B97527D00DC2007 /* LaunchScreen.storyboard */,
			);
			path = LaunchScreen;
			sourceTree = "<group>";
		};
		793CF8352B97BAC900C048B5 /* Login */ = {
			isa = PBXGroup;
			children = (
				793CF8362B97BAD700C048B5 /* Login.storyboard */,
				793CF8382B97BAE000C048B5 /* LoginViewController.swift */,
			);
			path = Login;
			sourceTree = "<group>";
		};
		793CF83A2B97BAF400C048B5 /* History */ = {
			isa = PBXGroup;
			children = (
				793CF83B2B97BB0600C048B5 /* History.storyboard */,
				793CF83D2B97BB1200C048B5 /* HistoryViewController.swift */,
			);
			path = History;
			sourceTree = "<group>";
		};
		793CF83F2B97BB2300C048B5 /* Category */ = {
			isa = PBXGroup;
			children = (
				793CF8402B97BB3200C048B5 /* Category.storyboard */,
				793CF8422B97BB3E00C048B5 /* CategoryViewController.swift */,
			);
			path = Category;
			sourceTree = "<group>";
		};
		793CF8442B97BB4D00C048B5 /* Target */ = {
			isa = PBXGroup;
			children = (
				793CF8452B97BB5600C048B5 /* Target.storyboard */,
				793CF8472B97BB5F00C048B5 /* TargetViewController.swift */,
			);
			path = Target;
			sourceTree = "<group>";
		};
		793CF8492B97BB7300C048B5 /* Person */ = {
			isa = PBXGroup;
			children = (
				793CF84A2B97BB8500C048B5 /* Person.storyboard */,
				793CF84C2B97BB8F00C048B5 /* PersonViewController.swift */,
			);
			path = Person;
			sourceTree = "<group>";
		};
		793CF84E2B97BBA600C048B5 /* Developers */ = {
			isa = PBXGroup;
			children = (
				793CF84F2B97BBB100C048B5 /* Developers.storyboard */,
				793CF8512B97BBBB00C048B5 /* DevelopersViewController.swift */,
			);
			path = Developers;
			sourceTree = "<group>";
		};
		793CF8532B97BBDD00C048B5 /* Registration */ = {
			isa = PBXGroup;
			children = (
				793CF8542B97BBEC00C048B5 /* Registration.storyboard */,
				793CF8562B97BBFB00C048B5 /* RegistrationViewController.swift */,
			);
			path = Registration;
			sourceTree = "<group>";
		};
		793CF8582B97BC1500C048B5 /* EditPerson */ = {
			isa = PBXGroup;
			children = (
				793CF8592B97BC2500C048B5 /* EditPerson.storyboard */,
				793CF85B2B97BC3100C048B5 /* EditPersonViewController.swift */,
			);
			path = EditPerson;
			sourceTree = "<group>";
		};
		793CF85D2B97BC3A00C048B5 /* Settings */ = {
			isa = PBXGroup;
			children = (
				793CF85E2B97BC4600C048B5 /* Settings.storyboard */,
				793CF8602B97BC4F00C048B5 /* SettingsViewController.swift */,
			);
			path = Settings;
			sourceTree = "<group>";
		};
		793CF8622B97BC8F00C048B5 /* Models */ = {
			isa = PBXGroup;
			children = (
			);
			path = Models;
			sourceTree = "<group>";
		};
		793CF8632B97BC9700C048B5 /* Services */ = {
			isa = PBXGroup;
			children = (
			);
			path = Services;
			sourceTree = "<group>";
		};
/* End PBXGroup section */

/* Begin PBXNativeTarget section */
		644C2F102B97527C00DC2007 /* MoneyAccounting */ = {
			isa = PBXNativeTarget;
			buildConfigurationList = 644C2F252B97527D00DC2007 /* Build configuration list for PBXNativeTarget "MoneyAccounting" */;
			buildPhases = (
				644C2F0D2B97527C00DC2007 /* Sources */,
				644C2F0E2B97527C00DC2007 /* Frameworks */,
				644C2F0F2B97527C00DC2007 /* Resources */,
			);
			buildRules = (
			);
			dependencies = (
			);
			name = MoneyAccounting;
			productName = MoneyAccounting;
			productReference = 644C2F112B97527C00DC2007 /* MoneyAccounting.app */;
			productType = "com.apple.product-type.application";
		};
/* End PBXNativeTarget section */

/* Begin PBXProject section */
		644C2F092B97527C00DC2007 /* Project object */ = {
			isa = PBXProject;
			attributes = {
				BuildIndependentTargetsInParallel = 1;
				LastSwiftUpdateCheck = 1520;
				LastUpgradeCheck = 1520;
				TargetAttributes = {
					644C2F102B97527C00DC2007 = {
						CreatedOnToolsVersion = 15.2;
					};
				};
			};
			buildConfigurationList = 644C2F0C2B97527C00DC2007 /* Build configuration list for PBXProject "MoneyAccounting" */;
			compatibilityVersion = "Xcode 14.0";
			developmentRegion = en;
			hasScannedForEncodings = 0;
			knownRegions = (
				en,
				Base,
			);
			mainGroup = 644C2F082B97527C00DC2007;
			productRefGroup = 644C2F122B97527C00DC2007 /* Products */;
			projectDirPath = "";
			projectRoot = "";
			targets = (
				644C2F102B97527C00DC2007 /* MoneyAccounting */,
			);
		};
/* End PBXProject section */

/* Begin PBXResourcesBuildPhase section */
		644C2F0F2B97527C00DC2007 /* Resources */ = {
			isa = PBXResourcesBuildPhase;
			buildActionMask = 2147483647;
			files = (
				793CF8412B97BB3200C048B5 /* Category.storyboard in Resources */,
				793CF8372B97BAD700C048B5 /* Login.storyboard in Resources */,
				644C2F212B97527D00DC2007 /* LaunchScreen.storyboard in Resources */,
				793CF85F2B97BC4600C048B5 /* Settings.storyboard in Resources */,
				644C2F1E2B97527D00DC2007 /* Assets.xcassets in Resources */,
				793CF83C2B97BB0600C048B5 /* History.storyboard in Resources */,
				793CF85A2B97BC2500C048B5 /* EditPerson.storyboard in Resources */,
				793CF8552B97BBEC00C048B5 /* Registration.storyboard in Resources */,
				644C2F1C2B97527C00DC2007 /* Main.storyboard in Resources */,
				793CF8462B97BB5600C048B5 /* Target.storyboard in Resources */,
				793CF8502B97BBB100C048B5 /* Developers.storyboard in Resources */,
				793CF84B2B97BB8500C048B5 /* Person.storyboard in Resources */,
			);
			runOnlyForDeploymentPostprocessing = 0;
		};
/* End PBXResourcesBuildPhase section */

/* Begin PBXSourcesBuildPhase section */
		644C2F0D2B97527C00DC2007 /* Sources */ = {
			isa = PBXSourcesBuildPhase;
			buildActionMask = 2147483647;
			files = (
				793CF8392B97BAE000C048B5 /* LoginViewController.swift in Sources */,
				644C2F192B97527C00DC2007 /* MainViewController.swift in Sources */,
				644C2F152B97527C00DC2007 /* AppDelegate.swift in Sources */,
				793CF84D2B97BB8F00C048B5 /* PersonViewController.swift in Sources */,
				793CF8572B97BBFB00C048B5 /* RegistrationViewController.swift in Sources */,
				793CF8522B97BBBB00C048B5 /* DevelopersViewController.swift in Sources */,
				793CF8482B97BB5F00C048B5 /* TargetViewController.swift in Sources */,
				793CF83E2B97BB1200C048B5 /* HistoryViewController.swift in Sources */,
				793CF8432B97BB3E00C048B5 /* CategoryViewController.swift in Sources */,
				644C2F172B97527C00DC2007 /* SceneDelegate.swift in Sources */,
				793CF85C2B97BC3100C048B5 /* EditPersonViewController.swift in Sources */,
				793CF8612B97BC4F00C048B5 /* SettingsViewController.swift in Sources */,
			);
			runOnlyForDeploymentPostprocessing = 0;
		};
/* End PBXSourcesBuildPhase section */

/* Begin PBXVariantGroup section */
		644C2F1A2B97527C00DC2007 /* Main.storyboard */ = {
			isa = PBXVariantGroup;
			children = (
				644C2F1B2B97527C00DC2007 /* Base */,
			);
			name = Main.storyboard;
			sourceTree = "<group>";
		};
		644C2F1F2B97527D00DC2007 /* LaunchScreen.storyboard */ = {
			isa = PBXVariantGroup;
			children = (
				644C2F202B97527D00DC2007 /* Base */,
			);
			name = LaunchScreen.storyboard;
			sourceTree = "<group>";
		};
/* End PBXVariantGroup section */

/* Begin XCBuildConfiguration section */
		644C2F232B97527D00DC2007 /* Debug */ = {
			isa = XCBuildConfiguration;
			buildSettings = {
				ALWAYS_SEARCH_USER_PATHS = NO;
				ASSETCATALOG_COMPILER_GENERATE_SWIFT_ASSET_SYMBOL_EXTENSIONS = YES;
				CLANG_ANALYZER_NONNULL = YES;
				CLANG_ANALYZER_NUMBER_OBJECT_CONVERSION = YES_AGGRESSIVE;
				CLANG_CXX_LANGUAGE_STANDARD = "gnu++20";
				CLANG_ENABLE_MODULES = YES;
				CLANG_ENABLE_OBJC_ARC = YES;
				CLANG_ENABLE_OBJC_WEAK = YES;
				CLANG_WARN_BLOCK_CAPTURE_AUTORELEASING = YES;
				CLANG_WARN_BOOL_CONVERSION = YES;
				CLANG_WARN_COMMA = YES;
				CLANG_WARN_CONSTANT_CONVERSION = YES;
				CLANG_WARN_DEPRECATED_OBJC_IMPLEMENTATIONS = YES;
				CLANG_WARN_DIRECT_OBJC_ISA_USAGE = YES_ERROR;
				CLANG_WARN_DOCUMENTATION_COMMENTS = YES;
				CLANG_WARN_EMPTY_BODY = YES;
				CLANG_WARN_ENUM_CONVERSION = YES;
				CLANG_WARN_INFINITE_RECURSION = YES;
				CLANG_WARN_INT_CONVERSION = YES;
				CLANG_WARN_NON_LITERAL_NULL_CONVERSION = YES;
				CLANG_WARN_OBJC_IMPLICIT_RETAIN_SELF = YES;
				CLANG_WARN_OBJC_LITERAL_CONVERSION = YES;
				CLANG_WARN_OBJC_ROOT_CLASS = YES_ERROR;
				CLANG_WARN_QUOTED_INCLUDE_IN_FRAMEWORK_HEADER = YES;
				CLANG_WARN_RANGE_LOOP_ANALYSIS = YES;
				CLANG_WARN_STRICT_PROTOTYPES = YES;
				CLANG_WARN_SUSPICIOUS_MOVE = YES;
				CLANG_WARN_UNGUARDED_AVAILABILITY = YES_AGGRESSIVE;
				CLANG_WARN_UNREACHABLE_CODE = YES;
				CLANG_WARN__DUPLICATE_METHOD_MATCH = YES;
				COPY_PHASE_STRIP = NO;
				DEBUG_INFORMATION_FORMAT = dwarf;
				ENABLE_STRICT_OBJC_MSGSEND = YES;
				ENABLE_TESTABILITY = YES;
				ENABLE_USER_SCRIPT_SANDBOXING = YES;
				GCC_C_LANGUAGE_STANDARD = gnu17;
				GCC_DYNAMIC_NO_PIC = NO;
				GCC_NO_COMMON_BLOCKS = YES;
				GCC_OPTIMIZATION_LEVEL = 0;
				GCC_PREPROCESSOR_DEFINITIONS = (
					"DEBUG=1",
					"$(inherited)",
				);
				GCC_WARN_64_TO_32_BIT_CONVERSION = YES;
				GCC_WARN_ABOUT_RETURN_TYPE = YES_ERROR;
				GCC_WARN_UNDECLARED_SELECTOR = YES;
				GCC_WARN_UNINITIALIZED_AUTOS = YES_AGGRESSIVE;
				GCC_WARN_UNUSED_FUNCTION = YES;
				GCC_WARN_UNUSED_VARIABLE = YES;
				IPHONEOS_DEPLOYMENT_TARGET = 17.2;
				LOCALIZATION_PREFERS_STRING_CATALOGS = YES;
				MTL_ENABLE_DEBUG_INFO = INCLUDE_SOURCE;
				MTL_FAST_MATH = YES;
				ONLY_ACTIVE_ARCH = YES;
				SDKROOT = iphoneos;
				SWIFT_ACTIVE_COMPILATION_CONDITIONS = "DEBUG $(inherited)";
				SWIFT_OPTIMIZATION_LEVEL = "-Onone";
			};
			name = Debug;
		};
		644C2F242B97527D00DC2007 /* Release */ = {
			isa = XCBuildConfiguration;
			buildSettings = {
				ALWAYS_SEARCH_USER_PATHS = NO;
				ASSETCATALOG_COMPILER_GENERATE_SWIFT_ASSET_SYMBOL_EXTENSIONS = YES;
				CLANG_ANALYZER_NONNULL = YES;
				CLANG_ANALYZER_NUMBER_OBJECT_CONVERSION = YES_AGGRESSIVE;
				CLANG_CXX_LANGUAGE_STANDARD = "gnu++20";
				CLANG_ENABLE_MODULES = YES;
				CLANG_ENABLE_OBJC_ARC = YES;
				CLANG_ENABLE_OBJC_WEAK = YES;
				CLANG_WARN_BLOCK_CAPTURE_AUTORELEASING = YES;
				CLANG_WARN_BOOL_CONVERSION = YES;
				CLANG_WARN_COMMA = YES;
				CLANG_WARN_CONSTANT_CONVERSION = YES;
				CLANG_WARN_DEPRECATED_OBJC_IMPLEMENTATIONS = YES;
				CLANG_WARN_DIRECT_OBJC_ISA_USAGE = YES_ERROR;
				CLANG_WARN_DOCUMENTATION_COMMENTS = YES;
				CLANG_WARN_EMPTY_BODY = YES;
				CLANG_WARN_ENUM_CONVERSION = YES;
				CLANG_WARN_INFINITE_RECURSION = YES;
				CLANG_WARN_INT_CONVERSION = YES;
				CLANG_WARN_NON_LITERAL_NULL_CONVERSION = YES;
				CLANG_WARN_OBJC_IMPLICIT_RETAIN_SELF = YES;
				CLANG_WARN_OBJC_LITERAL_CONVERSION = YES;
				CLANG_WARN_OBJC_ROOT_CLASS = YES_ERROR;
				CLANG_WARN_QUOTED_INCLUDE_IN_FRAMEWORK_HEADER = YES;
				CLANG_WARN_RANGE_LOOP_ANALYSIS = YES;
				CLANG_WARN_STRICT_PROTOTYPES = YES;
				CLANG_WARN_SUSPICIOUS_MOVE = YES;
				CLANG_WARN_UNGUARDED_AVAILABILITY = YES_AGGRESSIVE;
				CLANG_WARN_UNREACHABLE_CODE = YES;
				CLANG_WARN__DUPLICATE_METHOD_MATCH = YES;
				COPY_PHASE_STRIP = NO;
				DEBUG_INFORMATION_FORMAT = "dwarf-with-dsym";
				ENABLE_NS_ASSERTIONS = NO;
				ENABLE_STRICT_OBJC_MSGSEND = YES;
				ENABLE_USER_SCRIPT_SANDBOXING = YES;
				GCC_C_LANGUAGE_STANDARD = gnu17;
				GCC_NO_COMMON_BLOCKS = YES;
				GCC_WARN_64_TO_32_BIT_CONVERSION = YES;
				GCC_WARN_ABOUT_RETURN_TYPE = YES_ERROR;
				GCC_WARN_UNDECLARED_SELECTOR = YES;
				GCC_WARN_UNINITIALIZED_AUTOS = YES_AGGRESSIVE;
				GCC_WARN_UNUSED_FUNCTION = YES;
				GCC_WARN_UNUSED_VARIABLE = YES;
				IPHONEOS_DEPLOYMENT_TARGET = 17.2;
				LOCALIZATION_PREFERS_STRING_CATALOGS = YES;
				MTL_ENABLE_DEBUG_INFO = NO;
				MTL_FAST_MATH = YES;
				SDKROOT = iphoneos;
				SWIFT_COMPILATION_MODE = wholemodule;
				VALIDATE_PRODUCT = YES;
			};
			name = Release;
		};
		644C2F262B97527D00DC2007 /* Debug */ = {
			isa = XCBuildConfiguration;
			buildSettings = {
				ASSETCATALOG_COMPILER_APPICON_NAME = AppIcon;
				ASSETCATALOG_COMPILER_GLOBAL_ACCENT_COLOR_NAME = AccentColor;
				CODE_SIGN_STYLE = Automatic;
				CURRENT_PROJECT_VERSION = 1;
				DEVELOPMENT_TEAM = KJ5ADFMG28;
				GENERATE_INFOPLIST_FILE = YES;
				INFOPLIST_FILE = MoneyAccounting/App/Info.plist;
				INFOPLIST_KEY_UIApplicationSupportsIndirectInputEvents = YES;
				INFOPLIST_KEY_UILaunchStoryboardName = LaunchScreen;
				INFOPLIST_KEY_UIMainStoryboardFile = Main;
				INFOPLIST_KEY_UISupportedInterfaceOrientations = UIInterfaceOrientationPortrait;
				INFOPLIST_KEY_UISupportedInterfaceOrientations_iPad = "UIInterfaceOrientationLandscapeLeft UIInterfaceOrientationLandscapeRight UIInterfaceOrientationPortrait UIInterfaceOrientationPortraitUpsideDown";
				IPHONEOS_DEPLOYMENT_TARGET = 15.0;
				LD_RUNPATH_SEARCH_PATHS = (
					"$(inherited)",
					"@executable_path/Frameworks",
				);
				MARKETING_VERSION = 1.0;
				PRODUCT_BUNDLE_IDENTIFIER = dreamteam;
				PRODUCT_NAME = "$(TARGET_NAME)";
				SUPPORTED_PLATFORMS = "iphoneos iphonesimulator";
				SUPPORTS_MACCATALYST = NO;
				SUPPORTS_MAC_DESIGNED_FOR_IPHONE_IPAD = NO;
				SUPPORTS_XR_DESIGNED_FOR_IPHONE_IPAD = NO;
				SWIFT_EMIT_LOC_STRINGS = YES;
				SWIFT_VERSION = 5.0;
				TARGETED_DEVICE_FAMILY = 1;
			};
			name = Debug;
		};
		644C2F272B97527D00DC2007 /* Release */ = {
			isa = XCBuildConfiguration;
			buildSettings = {
				ASSETCATALOG_COMPILER_APPICON_NAME = AppIcon;
				ASSETCATALOG_COMPILER_GLOBAL_ACCENT_COLOR_NAME = AccentColor;
				CODE_SIGN_STYLE = Automatic;
				CURRENT_PROJECT_VERSION = 1;
				DEVELOPMENT_TEAM = KJ5ADFMG28;
				GENERATE_INFOPLIST_FILE = YES;
				INFOPLIST_FILE = MoneyAccounting/App/Info.plist;
				INFOPLIST_KEY_UIApplicationSupportsIndirectInputEvents = YES;
				INFOPLIST_KEY_UILaunchStoryboardName = LaunchScreen;
				INFOPLIST_KEY_UIMainStoryboardFile = Main;
				INFOPLIST_KEY_UISupportedInterfaceOrientations = UIInterfaceOrientationPortrait;
				INFOPLIST_KEY_UISupportedInterfaceOrientations_iPad = "UIInterfaceOrientationLandscapeLeft UIInterfaceOrientationLandscapeRight UIInterfaceOrientationPortrait UIInterfaceOrientationPortraitUpsideDown";
				IPHONEOS_DEPLOYMENT_TARGET = 15.0;
				LD_RUNPATH_SEARCH_PATHS = (
					"$(inherited)",
					"@executable_path/Frameworks",
				);
				MARKETING_VERSION = 1.0;
				PRODUCT_BUNDLE_IDENTIFIER = dreamteam;
				PRODUCT_NAME = "$(TARGET_NAME)";
				SUPPORTED_PLATFORMS = "iphoneos iphonesimulator";
				SUPPORTS_MACCATALYST = NO;
				SUPPORTS_MAC_DESIGNED_FOR_IPHONE_IPAD = NO;
				SUPPORTS_XR_DESIGNED_FOR_IPHONE_IPAD = NO;
				SWIFT_EMIT_LOC_STRINGS = YES;
				SWIFT_VERSION = 5.0;
				TARGETED_DEVICE_FAMILY = 1;
			};
			name = Release;
		};
/* End XCBuildConfiguration section */

/* Begin XCConfigurationList section */
		644C2F0C2B97527C00DC2007 /* Build configuration list for PBXProject "MoneyAccounting" */ = {
			isa = XCConfigurationList;
			buildConfigurations = (
				644C2F232B97527D00DC2007 /* Debug */,
				644C2F242B97527D00DC2007 /* Release */,
			);
			defaultConfigurationIsVisible = 0;
			defaultConfigurationName = Release;
		};
		644C2F252B97527D00DC2007 /* Build configuration list for PBXNativeTarget "MoneyAccounting" */ = {
			isa = XCConfigurationList;
			buildConfigurations = (
				644C2F262B97527D00DC2007 /* Debug */,
				644C2F272B97527D00DC2007 /* Release */,
			);
			defaultConfigurationIsVisible = 0;
			defaultConfigurationName = Release;
		};
/* End XCConfigurationList section */
	};
	rootObject = 644C2F092B97527C00DC2007 /* Project object */;
}
